
Microsoft Visual Studio Solution File, Format Version 12.00
# Visual Studio Version 16
VisualStudioVersion = 16.0.809.8
MinimumVisualStudioVersion = 10.0.40219.1
Project("{2150E333-8FDC-42A3-9474-1A3956D46DE8}") = "Services", "Services", "{753BA7DE-E263-4D14-B6EE-A2574C9F4D28}"
EndProject
Project("{2150E333-8FDC-42A3-9474-1A3956D46DE8}") = "Catalog", "Catalog", "{CBB56D5D-FD14-43D9-AFBC-B12615725D8A}"
EndProject
Project("{FAE04EC0-301F-11D3-BF4B-00C04F79EFBC}") = "FreeCourse.Services.Catalog", "Services\Catalog\FreeCourse.Services.Catalog\FreeCourse.Services.Catalog.csproj", "{8E7E7D64-114A-4C39-8C85-6B3CEDAC825F}"
EndProject
Project("{2150E333-8FDC-42A3-9474-1A3956D46DE8}") = "Solution Items", "Solution Items", "{0A2D47DB-E807-411B-98CC-B397AB4CE3A9}"
	ProjectSection(SolutionItems) = preProject
		Ports.txt = Ports.txt
	EndProjectSection
EndProject
Project("{2150E333-8FDC-42A3-9474-1A3956D46DE8}") = "Shared", "Shared", "{B74AC6B9-DEB0-4B49-91E2-7CABFB960174}"
EndProject
Project("{FAE04EC0-301F-11D3-BF4B-00C04F79EFBC}") = "FreeCourse.Shared", "Shared\FreeCourse.Shared\FreeCourse.Shared.csproj", "{EB1120E9-E10A-4658-9351-42788CE5DEE9}"
EndProject
Project("{2150E333-8FDC-42A3-9474-1A3956D46DE8}") = "IdentityServer", "IdentityServer", "{34801D52-717E-42F3-9856-9DB101EABC17}"
EndProject
Project("{FAE04EC0-301F-11D3-BF4B-00C04F79EFBC}") = "FreeCourse.IdentityServer", "IdentityServer\FreeCourse.IdentityServer\FreeCourse.IdentityServer.csproj", "{4CD66042-B256-4DA1-9592-98AD94F66095}"
EndProject
Project("{2150E333-8FDC-42A3-9474-1A3956D46DE8}") = "PhotoStock", "PhotoStock", "{55676D5E-FB24-470A-8607-1AE14FEB7BF5}"
EndProject
Project("{FAE04EC0-301F-11D3-BF4B-00C04F79EFBC}") = "FreeCourse.Services.PhotoStock", "Services\PhotoStock\FreeCourse.Services.PhotoStock\FreeCourse.Services.PhotoStock.csproj", "{C251D472-681B-48C2-863C-3A00F804F287}"
EndProject
Project("{2150E333-8FDC-42A3-9474-1A3956D46DE8}") = "Basket", "Basket", "{C920C2A1-D253-42DB-8174-AF0839B84571}"
EndProject
Project("{FAE04EC0-301F-11D3-BF4B-00C04F79EFBC}") = "FreeCourse.Services.Basket", "Services\Basket\FreeCourse.Services.Basket\FreeCourse.Services.Basket.csproj", "{EF13DF8B-1EA4-40AE-B05B-D1A346DFCA6D}"
EndProject
Project("{2150E333-8FDC-42A3-9474-1A3956D46DE8}") = "Discount", "Discount", "{84CFD5C6-D480-45F6-8331-340A1091D9DE}"
EndProject
Project("{FAE04EC0-301F-11D3-BF4B-00C04F79EFBC}") = "FreeCourse.Services.Discount", "Services\Discount\FreeCourse.Services.Discount\FreeCourse.Services.Discount.csproj", "{D53EAA3B-121A-41EE-9F2E-558185CB1C13}"
EndProject
Project("{2150E333-8FDC-42A3-9474-1A3956D46DE8}") = "Order", "Order", "{7115FF88-C535-48F1-AF7E-899D23DB9B2D}"
EndProject
Project("{FAE04EC0-301F-11D3-BF4B-00C04F79EFBC}") = "FreeCourse.Services.Order.API", "Services\Order\FreeCourse.Services.Order.API\FreeCourse.Services.Order.API.csproj", "{7BEF2D77-C071-49FC-B321-DC9CAD4D50C9}"
EndProject
Project("{FAE04EC0-301F-11D3-BF4B-00C04F79EFBC}") = "FreeCourse.Services.Order.Application", "Services\Order\FreeCourse.Services.Order.Application\FreeCourse.Services.Order.Application.csproj", "{8F00649D-3651-4B87-8D49-ACBF50221260}"
EndProject
Project("{FAE04EC0-301F-11D3-BF4B-00C04F79EFBC}") = "FreeCourse.Services.Order.Domain", "Services\Order\FreeCourse.Services.Order.Domain\FreeCourse.Services.Order.Domain.csproj", "{51042590-7832-482B-8434-D73ECB04379E}"
EndProject
Project("{FAE04EC0-301F-11D3-BF4B-00C04F79EFBC}") = "FreeCourse.Services.Order.Domain.Core", "Services\Order\FreeCourse.Services.Order.Domain.Core\FreeCourse.Services.Order.Domain.Core.csproj", "{95A71FA9-2129-404F-9E14-817DB421B172}"
EndProject
Project("{FAE04EC0-301F-11D3-BF4B-00C04F79EFBC}") = "FreeCourse.Services.Order.Infrastructure", "Services\Order\FreeCourse.Services.Order.Infrastructure\FreeCourse.Services.Order.Infrastructure.csproj", "{5C63106F-8A63-4C30-ABAE-EDCA596B9D40}"
EndProject
Project("{2150E333-8FDC-42A3-9474-1A3956D46DE8}") = "FakePayment", "FakePayment", "{A4CCF3E3-4FDB-417E-92E0-E607416DEC75}"
EndProject
Project("{FAE04EC0-301F-11D3-BF4B-00C04F79EFBC}") = "FreeCourse.Services.FakePayment", "Services\FakePayment\FreeCourse.Services.FakePayment\FreeCourse.Services.FakePayment.csproj", "{2C0787E7-575C-40CE-81D8-5A89E7C5FA44}"
EndProject
Project("{2150E333-8FDC-42A3-9474-1A3956D46DE8}") = "Gateways", "Gateways", "{ADFCA451-91C2-4096-ACEF-7E5A41DE1D93}"
EndProject
Project("{FAE04EC0-301F-11D3-BF4B-00C04F79EFBC}") = "FreeCourse.Gateway", "Gateways\FreeCourse.Gateway\FreeCourse.Gateway.csproj", "{7724BAAB-C1DC-41AE-A3C8-E2811888B9BB}"
EndProject
Project("{2150E333-8FDC-42A3-9474-1A3956D46DE8}") = "UI", "UI", "{5C309F64-DE22-4866-9062-76DB58FAEE62}"
EndProject
Project("{FAE04EC0-301F-11D3-BF4B-00C04F79EFBC}") = "FreeCourse.Web", "UI\FreeCourse.Web\FreeCourse.Web.csproj", "{9E952691-8230-447D-966B-8D2331220A40}"
EndProject
Global
	GlobalSection(SolutionConfigurationPlatforms) = preSolution
		Debug|Any CPU = Debug|Any CPU
		Release|Any CPU = Release|Any CPU
	EndGlobalSection
	GlobalSection(ProjectConfigurationPlatforms) = postSolution
		{8E7E7D64-114A-4C39-8C85-6B3CEDAC825F}.Debug|Any CPU.ActiveCfg = Debug|Any CPU
		{8E7E7D64-114A-4C39-8C85-6B3CEDAC825F}.Debug|Any CPU.Build.0 = Debug|Any CPU
		{8E7E7D64-114A-4C39-8C85-6B3CEDAC825F}.Release|Any CPU.ActiveCfg = Release|Any CPU
		{8E7E7D64-114A-4C39-8C85-6B3CEDAC825F}.Release|Any CPU.Build.0 = Release|Any CPU
		{EB1120E9-E10A-4658-9351-42788CE5DEE9}.Debug|Any CPU.ActiveCfg = Debug|Any CPU
		{EB1120E9-E10A-4658-9351-42788CE5DEE9}.Debug|Any CPU.Build.0 = Debug|Any CPU
		{EB1120E9-E10A-4658-9351-42788CE5DEE9}.Release|Any CPU.ActiveCfg = Release|Any CPU
		{EB1120E9-E10A-4658-9351-42788CE5DEE9}.Release|Any CPU.Build.0 = Release|Any CPU
		{4CD66042-B256-4DA1-9592-98AD94F66095}.Debug|Any CPU.ActiveCfg = Debug|Any CPU
		{4CD66042-B256-4DA1-9592-98AD94F66095}.Debug|Any CPU.Build.0 = Debug|Any CPU
		{4CD66042-B256-4DA1-9592-98AD94F66095}.Release|Any CPU.ActiveCfg = Release|Any CPU
		{4CD66042-B256-4DA1-9592-98AD94F66095}.Release|Any CPU.Build.0 = Release|Any CPU
		{C251D472-681B-48C2-863C-3A00F804F287}.Debug|Any CPU.ActiveCfg = Debug|Any CPU
		{C251D472-681B-48C2-863C-3A00F804F287}.Debug|Any CPU.Build.0 = Debug|Any CPU
		{C251D472-681B-48C2-863C-3A00F804F287}.Release|Any CPU.ActiveCfg = Release|Any CPU
		{C251D472-681B-48C2-863C-3A00F804F287}.Release|Any CPU.Build.0 = Release|Any CPU
		{EF13DF8B-1EA4-40AE-B05B-D1A346DFCA6D}.Debug|Any CPU.ActiveCfg = Debug|Any CPU
		{EF13DF8B-1EA4-40AE-B05B-D1A346DFCA6D}.Debug|Any CPU.Build.0 = Debug|Any CPU
		{EF13DF8B-1EA4-40AE-B05B-D1A346DFCA6D}.Release|Any CPU.ActiveCfg = Release|Any CPU
		{EF13DF8B-1EA4-40AE-B05B-D1A346DFCA6D}.Release|Any CPU.Build.0 = Release|Any CPU
		{D53EAA3B-121A-41EE-9F2E-558185CB1C13}.Debug|Any CPU.ActiveCfg = Debug|Any CPU
		{D53EAA3B-121A-41EE-9F2E-558185CB1C13}.Debug|Any CPU.Build.0 = Debug|Any CPU
		{D53EAA3B-121A-41EE-9F2E-558185CB1C13}.Release|Any CPU.ActiveCfg = Release|Any CPU
		{D53EAA3B-121A-41EE-9F2E-558185CB1C13}.Release|Any CPU.Build.0 = Release|Any CPU
		{7BEF2D77-C071-49FC-B321-DC9CAD4D50C9}.Debug|Any CPU.ActiveCfg = Debug|Any CPU
		{7BEF2D77-C071-49FC-B321-DC9CAD4D50C9}.Debug|Any CPU.Build.0 = Debug|Any CPU
		{7BEF2D77-C071-49FC-B321-DC9CAD4D50C9}.Release|Any CPU.ActiveCfg = Release|Any CPU
		{7BEF2D77-C071-49FC-B321-DC9CAD4D50C9}.Release|Any CPU.Build.0 = Release|Any CPU
		{8F00649D-3651-4B87-8D49-ACBF50221260}.Debug|Any CPU.ActiveCfg = Debug|Any CPU
		{8F00649D-3651-4B87-8D49-ACBF50221260}.Debug|Any CPU.Build.0 = Debug|Any CPU
		{8F00649D-3651-4B87-8D49-ACBF50221260}.Release|Any CPU.ActiveCfg = Release|Any CPU
		{8F00649D-3651-4B87-8D49-ACBF50221260}.Release|Any CPU.Build.0 = Release|Any CPU
		{51042590-7832-482B-8434-D73ECB04379E}.Debug|Any CPU.ActiveCfg = Debug|Any CPU
		{51042590-7832-482B-8434-D73ECB04379E}.Debug|Any CPU.Build.0 = Debug|Any CPU
		{51042590-7832-482B-8434-D73ECB04379E}.Release|Any CPU.ActiveCfg = Release|Any CPU
		{51042590-7832-482B-8434-D73ECB04379E}.Release|Any CPU.Build.0 = Release|Any CPU
		{95A71FA9-2129-404F-9E14-817DB421B172}.Debug|Any CPU.ActiveCfg = Debug|Any CPU
		{95A71FA9-2129-404F-9E14-817DB421B172}.Debug|Any CPU.Build.0 = Debug|Any CPU
		{95A71FA9-2129-404F-9E14-817DB421B172}.Release|Any CPU.ActiveCfg = Release|Any CPU
		{95A71FA9-2129-404F-9E14-817DB421B172}.Release|Any CPU.Build.0 = Release|Any CPU
		{5C63106F-8A63-4C30-ABAE-EDCA596B9D40}.Debug|Any CPU.ActiveCfg = Debug|Any CPU
		{5C63106F-8A63-4C30-ABAE-EDCA596B9D40}.Debug|Any CPU.Build.0 = Debug|Any CPU
		{5C63106F-8A63-4C30-ABAE-EDCA596B9D40}.Release|Any CPU.ActiveCfg = Release|Any CPU
		{5C63106F-8A63-4C30-ABAE-EDCA596B9D40}.Release|Any CPU.Build.0 = Release|Any CPU
		{2C0787E7-575C-40CE-81D8-5A89E7C5FA44}.Debug|Any CPU.ActiveCfg = Debug|Any CPU
		{2C0787E7-575C-40CE-81D8-5A89E7C5FA44}.Debug|Any CPU.Build.0 = Debug|Any CPU
		{2C0787E7-575C-40CE-81D8-5A89E7C5FA44}.Release|Any CPU.ActiveCfg = Release|Any CPU
		{2C0787E7-575C-40CE-81D8-5A89E7C5FA44}.Release|Any CPU.Build.0 = Release|Any CPU
		{7724BAAB-C1DC-41AE-A3C8-E2811888B9BB}.Debug|Any CPU.ActiveCfg = Debug|Any CPU
		{7724BAAB-C1DC-41AE-A3C8-E2811888B9BB}.Debug|Any CPU.Build.0 = Debug|Any CPU
		{7724BAAB-C1DC-41AE-A3C8-E2811888B9BB}.Release|Any CPU.ActiveCfg = Release|Any CPU
		{7724BAAB-C1DC-41AE-A3C8-E2811888B9BB}.Release|Any CPU.Build.0 = Release|Any CPU
		{9E952691-8230-447D-966B-8D2331220A40}.Debug|Any CPU.ActiveCfg = Debug|Any CPU
		{9E952691-8230-447D-966B-8D2331220A40}.Debug|Any CPU.Build.0 = Debug|Any CPU
		{9E952691-8230-447D-966B-8D2331220A40}.Release|Any CPU.ActiveCfg = Release|Any CPU
		{9E952691-8230-447D-966B-8D2331220A40}.Release|Any CPU.Build.0 = Release|Any CPU
	EndGlobalSection
	GlobalSection(SolutionProperties) = preSolution
		HideSolutionNode = FALSE
	EndGlobalSection
	GlobalSection(ExtensibilityGlobals) = postSolution
		SolutionGuid = {0AFD1488-5FA1-4DD3-83E6-50BCFFD560EE}
	EndGlobalSection
	GlobalSection(NestedProjects) = preSolution
		{CBB56D5D-FD14-43D9-AFBC-B12615725D8A} = {753BA7DE-E263-4D14-B6EE-A2574C9F4D28}
		{8E7E7D64-114A-4C39-8C85-6B3CEDAC825F} = {CBB56D5D-FD14-43D9-AFBC-B12615725D8A}
		{EB1120E9-E10A-4658-9351-42788CE5DEE9} = {B74AC6B9-DEB0-4B49-91E2-7CABFB960174}
		{4CD66042-B256-4DA1-9592-98AD94F66095} = {34801D52-717E-42F3-9856-9DB101EABC17}
		{55676D5E-FB24-470A-8607-1AE14FEB7BF5} = {753BA7DE-E263-4D14-B6EE-A2574C9F4D28}
		{C251D472-681B-48C2-863C-3A00F804F287} = {55676D5E-FB24-470A-8607-1AE14FEB7BF5}
		{C920C2A1-D253-42DB-8174-AF0839B84571} = {753BA7DE-E263-4D14-B6EE-A2574C9F4D28}
		{EF13DF8B-1EA4-40AE-B05B-D1A346DFCA6D} = {C920C2A1-D253-42DB-8174-AF0839B84571}
		{84CFD5C6-D480-45F6-8331-340A1091D9DE} = {753BA7DE-E263-4D14-B6EE-A2574C9F4D28}
		{D53EAA3B-121A-41EE-9F2E-558185CB1C13} = {84CFD5C6-D480-45F6-8331-340A1091D9DE}
		{7115FF88-C535-48F1-AF7E-899D23DB9B2D} = {753BA7DE-E263-4D14-B6EE-A2574C9F4D28}
		{7BEF2D77-C071-49FC-B321-DC9CAD4D50C9} = {7115FF88-C535-48F1-AF7E-899D23DB9B2D}
		{8F00649D-3651-4B87-8D49-ACBF50221260} = {7115FF88-C535-48F1-AF7E-899D23DB9B2D}
		{51042590-7832-482B-8434-D73ECB04379E} = {7115FF88-C535-48F1-AF7E-899D23DB9B2D}
		{95A71FA9-2129-404F-9E14-817DB421B172} = {7115FF88-C535-48F1-AF7E-899D23DB9B2D}
		{5C63106F-8A63-4C30-ABAE-EDCA596B9D40} = {7115FF88-C535-48F1-AF7E-899D23DB9B2D}
		{A4CCF3E3-4FDB-417E-92E0-E607416DEC75} = {753BA7DE-E263-4D14-B6EE-A2574C9F4D28}
		{2C0787E7-575C-40CE-81D8-5A89E7C5FA44} = {A4CCF3E3-4FDB-417E-92E0-E607416DEC75}
		{7724BAAB-C1DC-41AE-A3C8-E2811888B9BB} = {ADFCA451-91C2-4096-ACEF-7E5A41DE1D93}
		{9E952691-8230-447D-966B-8D2331220A40} = {5C309F64-DE22-4866-9062-76DB58FAEE62}
	EndGlobalSection
EndGlobal
